
Microsoft Visual Studio Solution File, Format Version 12.00
# Visual Studio 14
VisualStudioVersion = 14.0.25420.1
MinimumVisualStudioVersion = 10.0.40219.1
Project("{FAE04EC0-301F-11D3-BF4B-00C04F79EFBC}") = "FamilyAppXAML", "FamilyAppXAML\FamilyAppXAML\FamilyAppXAML.csproj", "{1B01D84E-D39F-4BF4-BBE2-4E3F8BF4498F}"
EndProject
Project("{FAE04EC0-301F-11D3-BF4B-00C04F79EFBC}") = "FamilyAppXAML.Droid", "FamilyAppXAML\FamilyAppXAML.Droid\FamilyAppXAML.Droid.csproj", "{531270A3-4C50-487D-B628-589A0B00A2AC}"
EndProject
Project("{FAE04EC0-301F-11D3-BF4B-00C04F79EFBC}") = "FamilyAppXAML.iOS", "FamilyAppXAML\FamilyAppXAML.iOS\FamilyAppXAML.iOS.csproj", "{6E4B6AF0-B7DB-4503-9052-EDF4B48D6A71}"
EndProject
Project("{FAE04EC0-301F-11D3-BF4B-00C04F79EFBC}") = "FamilyAppXAML.WinPhone", "FamilyAppXAML\FamilyAppXAML.WinPhone\FamilyAppXAML.WinPhone.csproj", "{6A0AA07C-AC7C-49A5-A322-037085F31D04}"
EndProject
Project("{FAE04EC0-301F-11D3-BF4B-00C04F79EFBC}") = "FamilyAppXAML.Windows", "FamilyAppXAML\FamilyAppXAML.Windows\FamilyAppXAML.Windows.csproj", "{458C001E-5EF8-4E09-ACC1-0F60DA808A7E}"
EndProject
Global
	GlobalSection(SolutionConfigurationPlatforms) = preSolution
		Ad-Hoc|Any CPU = Ad-Hoc|Any CPU
		Ad-Hoc|ARM = Ad-Hoc|ARM
		Ad-Hoc|iPhone = Ad-Hoc|iPhone
		Ad-Hoc|iPhoneSimulator = Ad-Hoc|iPhoneSimulator
		Ad-Hoc|x64 = Ad-Hoc|x64
		Ad-Hoc|x86 = Ad-Hoc|x86
		AppStore|Any CPU = AppStore|Any CPU
		AppStore|ARM = AppStore|ARM
		AppStore|iPhone = AppStore|iPhone
		AppStore|iPhoneSimulator = AppStore|iPhoneSimulator
		AppStore|x64 = AppStore|x64
		AppStore|x86 = AppStore|x86
		Debug|Any CPU = Debug|Any CPU
		Debug|ARM = Debug|ARM
		Debug|iPhone = Debug|iPhone
		Debug|iPhoneSimulator = Debug|iPhoneSimulator
		Debug|x64 = Debug|x64
		Debug|x86 = Debug|x86
		Release|Any CPU = Release|Any CPU
		Release|ARM = Release|ARM
		Release|iPhone = Release|iPhone
		Release|iPhoneSimulator = Release|iPhoneSimulator
		Release|x64 = Release|x64
		Release|x86 = Release|x86
	EndGlobalSection
	GlobalSection(ProjectConfigurationPlatforms) = postSolution
		{1B01D84E-D39F-4BF4-BBE2-4E3F8BF4498F}.Ad-Hoc|Any CPU.ActiveCfg = Release|Any CPU
		{1B01D84E-D39F-4BF4-BBE2-4E3F8BF4498F}.Ad-Hoc|Any CPU.Build.0 = Release|Any CPU
		{1B01D84E-D39F-4BF4-BBE2-4E3F8BF4498F}.Ad-Hoc|ARM.ActiveCfg = Release|Any CPU
		{1B01D84E-D39F-4BF4-BBE2-4E3F8BF4498F}.Ad-Hoc|ARM.Build.0 = Release|Any CPU
		{1B01D84E-D39F-4BF4-BBE2-4E3F8BF4498F}.Ad-Hoc|iPhone.ActiveCfg = Release|Any CPU
		{1B01D84E-D39F-4BF4-BBE2-4E3F8BF4498F}.Ad-Hoc|iPhone.Build.0 = Release|Any CPU
		{1B01D84E-D39F-4BF4-BBE2-4E3F8BF4498F}.Ad-Hoc|iPhoneSimulator.ActiveCfg = Release|Any CPU
		{1B01D84E-D39F-4BF4-BBE2-4E3F8BF4498F}.Ad-Hoc|iPhoneSimulator.Build.0 = Release|Any CPU
		{1B01D84E-D39F-4BF4-BBE2-4E3F8BF4498F}.Ad-Hoc|x64.ActiveCfg = Release|Any CPU
		{1B01D84E-D39F-4BF4-BBE2-4E3F8BF4498F}.Ad-Hoc|x64.Build.0 = Release|Any CPU
		{1B01D84E-D39F-4BF4-BBE2-4E3F8BF4498F}.Ad-Hoc|x86.ActiveCfg = Release|Any CPU
		{1B01D84E-D39F-4BF4-BBE2-4E3F8BF4498F}.Ad-Hoc|x86.Build.0 = Release|Any CPU
		{1B01D84E-D39F-4BF4-BBE2-4E3F8BF4498F}.AppStore|Any CPU.ActiveCfg = Release|Any CPU
		{1B01D84E-D39F-4BF4-BBE2-4E3F8BF4498F}.AppStore|Any CPU.Build.0 = Release|Any CPU
		{1B01D84E-D39F-4BF4-BBE2-4E3F8BF4498F}.AppStore|ARM.ActiveCfg = Release|Any CPU
		{1B01D84E-D39F-4BF4-BBE2-4E3F8BF4498F}.AppStore|ARM.Build.0 = Release|Any CPU
		{1B01D84E-D39F-4BF4-BBE2-4E3F8BF4498F}.AppStore|iPhone.ActiveCfg = Release|Any CPU
		{1B01D84E-D39F-4BF4-BBE2-4E3F8BF4498F}.AppStore|iPhone.Build.0 = Release|Any CPU
		{1B01D84E-D39F-4BF4-BBE2-4E3F8BF4498F}.AppStore|iPhoneSimulator.ActiveCfg = Release|Any CPU
		{1B01D84E-D39F-4BF4-BBE2-4E3F8BF4498F}.AppStore|iPhoneSimulator.Build.0 = Release|Any CPU
		{1B01D84E-D39F-4BF4-BBE2-4E3F8BF4498F}.AppStore|x64.ActiveCfg = Release|Any CPU
		{1B01D84E-D39F-4BF4-BBE2-4E3F8BF4498F}.AppStore|x64.Build.0 = Release|Any CPU
		{1B01D84E-D39F-4BF4-BBE2-4E3F8BF4498F}.AppStore|x86.ActiveCfg = Release|Any CPU
		{1B01D84E-D39F-4BF4-BBE2-4E3F8BF4498F}.AppStore|x86.Build.0 = Release|Any CPU
		{1B01D84E-D39F-4BF4-BBE2-4E3F8BF4498F}.Debug|Any CPU.ActiveCfg = Debug|Any CPU
		{1B01D84E-D39F-4BF4-BBE2-4E3F8BF4498F}.Debug|Any CPU.Build.0 = Debug|Any CPU
		{1B01D84E-D39F-4BF4-BBE2-4E3F8BF4498F}.Debug|ARM.ActiveCfg = Debug|Any CPU
		{1B01D84E-D39F-4BF4-BBE2-4E3F8BF4498F}.Debug|ARM.Build.0 = Debug|Any CPU
		{1B01D84E-D39F-4BF4-BBE2-4E3F8BF4498F}.Debug|iPhone.ActiveCfg = Debug|Any CPU
		{1B01D84E-D39F-4BF4-BBE2-4E3F8BF4498F}.Debug|iPhone.Build.0 = Debug|Any CPU
		{1B01D84E-D39F-4BF4-BBE2-4E3F8BF4498F}.Debug|iPhoneSimulator.ActiveCfg = Debug|Any CPU
		{1B01D84E-D39F-4BF4-BBE2-4E3F8BF4498F}.Debug|iPhoneSimulator.Build.0 = Debug|Any CPU
		{1B01D84E-D39F-4BF4-BBE2-4E3F8BF4498F}.Debug|x64.ActiveCfg = Debug|Any CPU
		{1B01D84E-D39F-4BF4-BBE2-4E3F8BF4498F}.Debug|x64.Build.0 = Debug|Any CPU
		{1B01D84E-D39F-4BF4-BBE2-4E3F8BF4498F}.Debug|x86.ActiveCfg = Debug|Any CPU
		{1B01D84E-D39F-4BF4-BBE2-4E3F8BF4498F}.Debug|x86.Build.0 = Debug|Any CPU
		{1B01D84E-D39F-4BF4-BBE2-4E3F8BF4498F}.Release|Any CPU.ActiveCfg = Release|Any CPU
		{1B01D84E-D39F-4BF4-BBE2-4E3F8BF4498F}.Release|Any CPU.Build.0 = Release|Any CPU
		{1B01D84E-D39F-4BF4-BBE2-4E3F8BF4498F}.Release|ARM.ActiveCfg = Release|Any CPU
		{1B01D84E-D39F-4BF4-BBE2-4E3F8BF4498F}.Release|ARM.Build.0 = Release|Any CPU
		{1B01D84E-D39F-4BF4-BBE2-4E3F8BF4498F}.Release|iPhone.ActiveCfg = Release|Any CPU
		{1B01D84E-D39F-4BF4-BBE2-4E3F8BF4498F}.Release|iPhone.Build.0 = Release|Any CPU
		{1B01D84E-D39F-4BF4-BBE2-4E3F8BF4498F}.Release|iPhoneSimulator.ActiveCfg = Release|Any CPU
		{1B01D84E-D39F-4BF4-BBE2-4E3F8BF4498F}.Release|iPhoneSimulator.Build.0 = Release|Any CPU
		{1B01D84E-D39F-4BF4-BBE2-4E3F8BF4498F}.Release|x64.ActiveCfg = Release|Any CPU
		{1B01D84E-D39F-4BF4-BBE2-4E3F8BF4498F}.Release|x64.Build.0 = Release|Any CPU
		{1B01D84E-D39F-4BF4-BBE2-4E3F8BF4498F}.Release|x86.ActiveCfg = Release|Any CPU
		{1B01D84E-D39F-4BF4-BBE2-4E3F8BF4498F}.Release|x86.Build.0 = Release|Any CPU
		{531270A3-4C50-487D-B628-589A0B00A2AC}.Ad-Hoc|Any CPU.ActiveCfg = Release|Any CPU
		{531270A3-4C50-487D-B628-589A0B00A2AC}.Ad-Hoc|Any CPU.Build.0 = Release|Any CPU
		{531270A3-4C50-487D-B628-589A0B00A2AC}.Ad-Hoc|Any CPU.Deploy.0 = Release|Any CPU
		{531270A3-4C50-487D-B628-589A0B00A2AC}.Ad-Hoc|ARM.ActiveCfg = Release|Any CPU
		{531270A3-4C50-487D-B628-589A0B00A2AC}.Ad-Hoc|ARM.Build.0 = Release|Any CPU
		{531270A3-4C50-487D-B628-589A0B00A2AC}.Ad-Hoc|ARM.Deploy.0 = Release|Any CPU
		{531270A3-4C50-487D-B628-589A0B00A2AC}.Ad-Hoc|iPhone.ActiveCfg = Release|Any CPU
		{531270A3-4C50-487D-B628-589A0B00A2AC}.Ad-Hoc|iPhone.Build.0 = Release|Any CPU
		{531270A3-4C50-487D-B628-589A0B00A2AC}.Ad-Hoc|iPhone.Deploy.0 = Release|Any CPU
		{531270A3-4C50-487D-B628-589A0B00A2AC}.Ad-Hoc|iPhoneSimulator.ActiveCfg = Release|Any CPU
		{531270A3-4C50-487D-B628-589A0B00A2AC}.Ad-Hoc|iPhoneSimulator.Build.0 = Release|Any CPU
		{531270A3-4C50-487D-B628-589A0B00A2AC}.Ad-Hoc|iPhoneSimulator.Deploy.0 = Release|Any CPU
		{531270A3-4C50-487D-B628-589A0B00A2AC}.Ad-Hoc|x64.ActiveCfg = Release|Any CPU
		{531270A3-4C50-487D-B628-589A0B00A2AC}.Ad-Hoc|x64.Build.0 = Release|Any CPU
		{531270A3-4C50-487D-B628-589A0B00A2AC}.Ad-Hoc|x64.Deploy.0 = Release|Any CPU
		{531270A3-4C50-487D-B628-589A0B00A2AC}.Ad-Hoc|x86.ActiveCfg = Release|Any CPU
		{531270A3-4C50-487D-B628-589A0B00A2AC}.Ad-Hoc|x86.Build.0 = Release|Any CPU
		{531270A3-4C50-487D-B628-589A0B00A2AC}.Ad-Hoc|x86.Deploy.0 = Release|Any CPU
		{531270A3-4C50-487D-B628-589A0B00A2AC}.AppStore|Any CPU.ActiveCfg = Release|Any CPU
		{531270A3-4C50-487D-B628-589A0B00A2AC}.AppStore|Any CPU.Build.0 = Release|Any CPU
		{531270A3-4C50-487D-B628-589A0B00A2AC}.AppStore|Any CPU.Deploy.0 = Release|Any CPU
		{531270A3-4C50-487D-B628-589A0B00A2AC}.AppStore|ARM.ActiveCfg = Release|Any CPU
		{531270A3-4C50-487D-B628-589A0B00A2AC}.AppStore|ARM.Build.0 = Release|Any CPU
		{531270A3-4C50-487D-B628-589A0B00A2AC}.AppStore|ARM.Deploy.0 = Release|Any CPU
		{531270A3-4C50-487D-B628-589A0B00A2AC}.AppStore|iPhone.ActiveCfg = Release|Any CPU
		{531270A3-4C50-487D-B628-589A0B00A2AC}.AppStore|iPhone.Build.0 = Release|Any CPU
		{531270A3-4C50-487D-B628-589A0B00A2AC}.AppStore|iPhone.Deploy.0 = Release|Any CPU
		{531270A3-4C50-487D-B628-589A0B00A2AC}.AppStore|iPhoneSimulator.ActiveCfg = Release|Any CPU
		{531270A3-4C50-487D-B628-589A0B00A2AC}.AppStore|iPhoneSimulator.Build.0 = Release|Any CPU
		{531270A3-4C50-487D-B628-589A0B00A2AC}.AppStore|iPhoneSimulator.Deploy.0 = Release|Any CPU
		{531270A3-4C50-487D-B628-589A0B00A2AC}.AppStore|x64.ActiveCfg = Release|Any CPU
		{531270A3-4C50-487D-B628-589A0B00A2AC}.AppStore|x64.Build.0 = Release|Any CPU
		{531270A3-4C50-487D-B628-589A0B00A2AC}.AppStore|x64.Deploy.0 = Release|Any CPU
		{531270A3-4C50-487D-B628-589A0B00A2AC}.AppStore|x86.ActiveCfg = Release|Any CPU
		{531270A3-4C50-487D-B628-589A0B00A2AC}.AppStore|x86.Build.0 = Release|Any CPU
		{531270A3-4C50-487D-B628-589A0B00A2AC}.AppStore|x86.Deploy.0 = Release|Any CPU
		{531270A3-4C50-487D-B628-589A0B00A2AC}.Debug|Any CPU.ActiveCfg = Debug|Any CPU
		{531270A3-4C50-487D-B628-589A0B00A2AC}.Debug|Any CPU.Build.0 = Debug|Any CPU
		{531270A3-4C50-487D-B628-589A0B00A2AC}.Debug|Any CPU.Deploy.0 = Debug|Any CPU
		{531270A3-4C50-487D-B628-589A0B00A2AC}.Debug|ARM.ActiveCfg = Debug|Any CPU
		{531270A3-4C50-487D-B628-589A0B00A2AC}.Debug|ARM.Build.0 = Debug|Any CPU
		{531270A3-4C50-487D-B628-589A0B00A2AC}.Debug|ARM.Deploy.0 = Debug|Any CPU
		{531270A3-4C50-487D-B628-589A0B00A2AC}.Debug|iPhone.ActiveCfg = Debug|Any CPU
		{531270A3-4C50-487D-B628-589A0B00A2AC}.Debug|iPhone.Build.0 = Debug|Any CPU
		{531270A3-4C50-487D-B628-589A0B00A2AC}.Debug|iPhone.Deploy.0 = Debug|Any CPU
		{531270A3-4C50-487D-B628-589A0B00A2AC}.Debug|iPhoneSimulator.ActiveCfg = Debug|Any CPU
		{531270A3-4C50-487D-B628-589A0B00A2AC}.Debug|iPhoneSimulator.Build.0 = Debug|Any CPU
		{531270A3-4C50-487D-B628-589A0B00A2AC}.Debug|iPhoneSimulator.Deploy.0 = Debug|Any CPU
		{531270A3-4C50-487D-B628-589A0B00A2AC}.Debug|x64.ActiveCfg = Debug|Any CPU
		{531270A3-4C50-487D-B628-589A0B00A2AC}.Debug|x64.Build.0 = Debug|Any CPU
		{531270A3-4C50-487D-B628-589A0B00A2AC}.Debug|x64.Deploy.0 = Debug|Any CPU
		{531270A3-4C50-487D-B628-589A0B00A2AC}.Debug|x86.ActiveCfg = Debug|Any CPU
		{531270A3-4C50-487D-B628-589A0B00A2AC}.Debug|x86.Build.0 = Debug|Any CPU
		{531270A3-4C50-487D-B628-589A0B00A2AC}.Debug|x86.Deploy.0 = Debug|Any CPU
		{531270A3-4C50-487D-B628-589A0B00A2AC}.Release|Any CPU.ActiveCfg = Release|Any CPU
		{531270A3-4C50-487D-B628-589A0B00A2AC}.Release|Any CPU.Build.0 = Release|Any CPU
		{531270A3-4C50-487D-B628-589A0B00A2AC}.Release|Any CPU.Deploy.0 = Release|Any CPU
		{531270A3-4C50-487D-B628-589A0B00A2AC}.Release|ARM.ActiveCfg = Release|Any CPU
		{531270A3-4C50-487D-B628-589A0B00A2AC}.Release|ARM.Build.0 = Release|Any CPU
		{531270A3-4C50-487D-B628-589A0B00A2AC}.Release|ARM.Deploy.0 = Release|Any CPU
		{531270A3-4C50-487D-B628-589A0B00A2AC}.Release|iPhone.ActiveCfg = Release|Any CPU
		{531270A3-4C50-487D-B628-589A0B00A2AC}.Release|iPhone.Build.0 = Release|Any CPU
		{531270A3-4C50-487D-B628-589A0B00A2AC}.Release|iPhone.Deploy.0 = Release|Any CPU
		{531270A3-4C50-487D-B628-589A0B00A2AC}.Release|iPhoneSimulator.ActiveCfg = Release|Any CPU
		{531270A3-4C50-487D-B628-589A0B00A2AC}.Release|iPhoneSimulator.Build.0 = Release|Any CPU
		{531270A3-4C50-487D-B628-589A0B00A2AC}.Release|iPhoneSimulator.Deploy.0 = Release|Any CPU
		{531270A3-4C50-487D-B628-589A0B00A2AC}.Release|x64.ActiveCfg = Release|Any CPU
		{531270A3-4C50-487D-B628-589A0B00A2AC}.Release|x64.Build.0 = Release|Any CPU
		{531270A3-4C50-487D-B628-589A0B00A2AC}.Release|x64.Deploy.0 = Release|Any CPU
		{531270A3-4C50-487D-B628-589A0B00A2AC}.Release|x86.ActiveCfg = Release|Any CPU
		{531270A3-4C50-487D-B628-589A0B00A2AC}.Release|x86.Build.0 = Release|Any CPU
		{531270A3-4C50-487D-B628-589A0B00A2AC}.Release|x86.Deploy.0 = Release|Any CPU
		{6E4B6AF0-B7DB-4503-9052-EDF4B48D6A71}.Ad-Hoc|Any CPU.ActiveCfg = Ad-Hoc|iPhone
		{6E4B6AF0-B7DB-4503-9052-EDF4B48D6A71}.Ad-Hoc|ARM.ActiveCfg = Ad-Hoc|iPhone
		{6E4B6AF0-B7DB-4503-9052-EDF4B48D6A71}.Ad-Hoc|iPhone.ActiveCfg = Ad-Hoc|iPhone
		{6E4B6AF0-B7DB-4503-9052-EDF4B48D6A71}.Ad-Hoc|iPhone.Build.0 = Ad-Hoc|iPhone
		{6E4B6AF0-B7DB-4503-9052-EDF4B48D6A71}.Ad-Hoc|iPhoneSimulator.ActiveCfg = Ad-Hoc|iPhoneSimulator
		{6E4B6AF0-B7DB-4503-9052-EDF4B48D6A71}.Ad-Hoc|iPhoneSimulator.Build.0 = Ad-Hoc|iPhoneSimulator
		{6E4B6AF0-B7DB-4503-9052-EDF4B48D6A71}.Ad-Hoc|x64.ActiveCfg = Ad-Hoc|iPhone
		{6E4B6AF0-B7DB-4503-9052-EDF4B48D6A71}.Ad-Hoc|x86.ActiveCfg = Ad-Hoc|iPhone
		{6E4B6AF0-B7DB-4503-9052-EDF4B48D6A71}.AppStore|Any CPU.ActiveCfg = AppStore|iPhone
		{6E4B6AF0-B7DB-4503-9052-EDF4B48D6A71}.AppStore|ARM.ActiveCfg = AppStore|iPhone
		{6E4B6AF0-B7DB-4503-9052-EDF4B48D6A71}.AppStore|iPhone.ActiveCfg = AppStore|iPhone
		{6E4B6AF0-B7DB-4503-9052-EDF4B48D6A71}.AppStore|iPhone.Build.0 = AppStore|iPhone
		{6E4B6AF0-B7DB-4503-9052-EDF4B48D6A71}.AppStore|iPhoneSimulator.ActiveCfg = AppStore|iPhoneSimulator
		{6E4B6AF0-B7DB-4503-9052-EDF4B48D6A71}.AppStore|iPhoneSimulator.Build.0 = AppStore|iPhoneSimulator
		{6E4B6AF0-B7DB-4503-9052-EDF4B48D6A71}.AppStore|x64.ActiveCfg = AppStore|iPhone
		{6E4B6AF0-B7DB-4503-9052-EDF4B48D6A71}.AppStore|x86.ActiveCfg = AppStore|iPhone
		{6E4B6AF0-B7DB-4503-9052-EDF4B48D6A71}.Debug|Any CPU.ActiveCfg = Debug|iPhone
		{6E4B6AF0-B7DB-4503-9052-EDF4B48D6A71}.Debug|ARM.ActiveCfg = Debug|iPhone
		{6E4B6AF0-B7DB-4503-9052-EDF4B48D6A71}.Debug|iPhone.ActiveCfg = Debug|iPhone
		{6E4B6AF0-B7DB-4503-9052-EDF4B48D6A71}.Debug|iPhone.Build.0 = Debug|iPhone
		{6E4B6AF0-B7DB-4503-9052-EDF4B48D6A71}.Debug|iPhoneSimulator.ActiveCfg = Debug|iPhoneSimulator
		{6E4B6AF0-B7DB-4503-9052-EDF4B48D6A71}.Debug|iPhoneSimulator.Build.0 = Debug|iPhoneSimulator
		{6E4B6AF0-B7DB-4503-9052-EDF4B48D6A71}.Debug|x64.ActiveCfg = Debug|iPhone
		{6E4B6AF0-B7DB-4503-9052-EDF4B48D6A71}.Debug|x86.ActiveCfg = Debug|iPhone
		{6E4B6AF0-B7DB-4503-9052-EDF4B48D6A71}.Release|Any CPU.ActiveCfg = Release|iPhone
		{6E4B6AF0-B7DB-4503-9052-EDF4B48D6A71}.Release|ARM.ActiveCfg = Release|iPhone
		{6E4B6AF0-B7DB-4503-9052-EDF4B48D6A71}.Release|iPhone.ActiveCfg = Release|iPhone
		{6E4B6AF0-B7DB-4503-9052-EDF4B48D6A71}.Release|iPhone.Build.0 = Release|iPhone
		{6E4B6AF0-B7DB-4503-9052-EDF4B48D6A71}.Release|iPhoneSimulator.ActiveCfg = Release|iPhoneSimulator
		{6E4B6AF0-B7DB-4503-9052-EDF4B48D6A71}.Release|iPhoneSimulator.Build.0 = Release|iPhoneSimulator
		{6E4B6AF0-B7DB-4503-9052-EDF4B48D6A71}.Release|x64.ActiveCfg = Release|iPhone
		{6E4B6AF0-B7DB-4503-9052-EDF4B48D6A71}.Release|x86.ActiveCfg = Release|iPhone
		{6A0AA07C-AC7C-49A5-A322-037085F31D04}.Ad-Hoc|Any CPU.ActiveCfg = Release|Any CPU
		{6A0AA07C-AC7C-49A5-A322-037085F31D04}.Ad-Hoc|Any CPU.Build.0 = Release|Any CPU
		{6A0AA07C-AC7C-49A5-A322-037085F31D04}.Ad-Hoc|Any CPU.Deploy.0 = Release|Any CPU
		{6A0AA07C-AC7C-49A5-A322-037085F31D04}.Ad-Hoc|ARM.ActiveCfg = Release|ARM
		{6A0AA07C-AC7C-49A5-A322-037085F31D04}.Ad-Hoc|ARM.Build.0 = Release|ARM
		{6A0AA07C-AC7C-49A5-A322-037085F31D04}.Ad-Hoc|ARM.Deploy.0 = Release|ARM
		{6A0AA07C-AC7C-49A5-A322-037085F31D04}.Ad-Hoc|iPhone.ActiveCfg = Release|Any CPU
		{6A0AA07C-AC7C-49A5-A322-037085F31D04}.Ad-Hoc|iPhone.Build.0 = Release|Any CPU
		{6A0AA07C-AC7C-49A5-A322-037085F31D04}.Ad-Hoc|iPhone.Deploy.0 = Release|Any CPU
		{6A0AA07C-AC7C-49A5-A322-037085F31D04}.Ad-Hoc|iPhoneSimulator.ActiveCfg = Release|Any CPU
		{6A0AA07C-AC7C-49A5-A322-037085F31D04}.Ad-Hoc|iPhoneSimulator.Build.0 = Release|Any CPU
		{6A0AA07C-AC7C-49A5-A322-037085F31D04}.Ad-Hoc|iPhoneSimulator.Deploy.0 = Release|Any CPU
		{6A0AA07C-AC7C-49A5-A322-037085F31D04}.Ad-Hoc|x64.ActiveCfg = Release|Any CPU
		{6A0AA07C-AC7C-49A5-A322-037085F31D04}.Ad-Hoc|x64.Build.0 = Release|Any CPU
		{6A0AA07C-AC7C-49A5-A322-037085F31D04}.Ad-Hoc|x64.Deploy.0 = Release|Any CPU
		{6A0AA07C-AC7C-49A5-A322-037085F31D04}.Ad-Hoc|x86.ActiveCfg = Release|x86
		{6A0AA07C-AC7C-49A5-A322-037085F31D04}.Ad-Hoc|x86.Build.0 = Release|x86
		{6A0AA07C-AC7C-49A5-A322-037085F31D04}.Ad-Hoc|x86.Deploy.0 = Release|x86
		{6A0AA07C-AC7C-49A5-A322-037085F31D04}.AppStore|Any CPU.ActiveCfg = Release|Any CPU
		{6A0AA07C-AC7C-49A5-A322-037085F31D04}.AppStore|Any CPU.Build.0 = Release|Any CPU
		{6A0AA07C-AC7C-49A5-A322-037085F31D04}.AppStore|Any CPU.Deploy.0 = Release|Any CPU
		{6A0AA07C-AC7C-49A5-A322-037085F31D04}.AppStore|ARM.ActiveCfg = Release|ARM
		{6A0AA07C-AC7C-49A5-A322-037085F31D04}.AppStore|ARM.Build.0 = Release|ARM
		{6A0AA07C-AC7C-49A5-A322-037085F31D04}.AppStore|ARM.Deploy.0 = Release|ARM
		{6A0AA07C-AC7C-49A5-A322-037085F31D04}.AppStore|iPhone.ActiveCfg = Release|Any CPU
		{6A0AA07C-AC7C-49A5-A322-037085F31D04}.AppStore|iPhone.Build.0 = Release|Any CPU
		{6A0AA07C-AC7C-49A5-A322-037085F31D04}.AppStore|iPhone.Deploy.0 = Release|Any CPU
		{6A0AA07C-AC7C-49A5-A322-037085F31D04}.AppStore|iPhoneSimulator.ActiveCfg = Release|Any CPU
		{6A0AA07C-AC7C-49A5-A322-037085F31D04}.AppStore|iPhoneSimulator.Build.0 = Release|Any CPU
		{6A0AA07C-AC7C-49A5-A322-037085F31D04}.AppStore|iPhoneSimulator.Deploy.0 = Release|Any CPU
		{6A0AA07C-AC7C-49A5-A322-037085F31D04}.AppStore|x64.ActiveCfg = Release|Any CPU
		{6A0AA07C-AC7C-49A5-A322-037085F31D04}.AppStore|x64.Build.0 = Release|Any CPU
		{6A0AA07C-AC7C-49A5-A322-037085F31D04}.AppStore|x64.Deploy.0 = Release|Any CPU
		{6A0AA07C-AC7C-49A5-A322-037085F31D04}.AppStore|x86.ActiveCfg = Release|x86
		{6A0AA07C-AC7C-49A5-A322-037085F31D04}.AppStore|x86.Build.0 = Release|x86
		{6A0AA07C-AC7C-49A5-A322-037085F31D04}.AppStore|x86.Deploy.0 = Release|x86
		{6A0AA07C-AC7C-49A5-A322-037085F31D04}.Debug|Any CPU.ActiveCfg = Debug|Any CPU
		{6A0AA07C-AC7C-49A5-A322-037085F31D04}.Debug|Any CPU.Build.0 = Debug|Any CPU
		{6A0AA07C-AC7C-49A5-A322-037085F31D04}.Debug|Any CPU.Deploy.0 = Debug|Any CPU
		{6A0AA07C-AC7C-49A5-A322-037085F31D04}.Debug|ARM.ActiveCfg = Debug|ARM
		{6A0AA07C-AC7C-49A5-A322-037085F31D04}.Debug|ARM.Build.0 = Debug|ARM
		{6A0AA07C-AC7C-49A5-A322-037085F31D04}.Debug|ARM.Deploy.0 = Debug|ARM
		{6A0AA07C-AC7C-49A5-A322-037085F31D04}.Debug|iPhone.ActiveCfg = Debug|Any CPU
		{6A0AA07C-AC7C-49A5-A322-037085F31D04}.Debug|iPhone.Build.0 = Debug|Any CPU
		{6A0AA07C-AC7C-49A5-A322-037085F31D04}.Debug|iPhone.Deploy.0 = Debug|Any CPU
		{6A0AA07C-AC7C-49A5-A322-037085F31D04}.Debug|iPhoneSimulator.ActiveCfg = Debug|Any CPU
		{6A0AA07C-AC7C-49A5-A322-037085F31D04}.Debug|iPhoneSimulator.Build.0 = Debug|Any CPU
		{6A0AA07C-AC7C-49A5-A322-037085F31D04}.Debug|iPhoneSimulator.Deploy.0 = Debug|Any CPU
		{6A0AA07C-AC7C-49A5-A322-037085F31D04}.Debug|x64.ActiveCfg = Debug|Any CPU
		{6A0AA07C-AC7C-49A5-A322-037085F31D04}.Debug|x64.Build.0 = Debug|Any CPU
		{6A0AA07C-AC7C-49A5-A322-037085F31D04}.Debug|x64.Deploy.0 = Debug|Any CPU
		{6A0AA07C-AC7C-49A5-A322-037085F31D04}.Debug|x86.ActiveCfg = Debug|x86
		{6A0AA07C-AC7C-49A5-A322-037085F31D04}.Debug|x86.Build.0 = Debug|x86
		{6A0AA07C-AC7C-49A5-A322-037085F31D04}.Debug|x86.Deploy.0 = Debug|x86
		{6A0AA07C-AC7C-49A5-A322-037085F31D04}.Release|Any CPU.ActiveCfg = Release|Any CPU
		{6A0AA07C-AC7C-49A5-A322-037085F31D04}.Release|Any CPU.Build.0 = Release|Any CPU
		{6A0AA07C-AC7C-49A5-A322-037085F31D04}.Release|Any CPU.Deploy.0 = Release|Any CPU
		{6A0AA07C-AC7C-49A5-A322-037085F31D04}.Release|ARM.ActiveCfg = Release|ARM
		{6A0AA07C-AC7C-49A5-A322-037085F31D04}.Release|ARM.Build.0 = Release|ARM
		{6A0AA07C-AC7C-49A5-A322-037085F31D04}.Release|ARM.Deploy.0 = Release|ARM
		{6A0AA07C-AC7C-49A5-A322-037085F31D04}.Release|iPhone.ActiveCfg = Release|Any CPU
		{6A0AA07C-AC7C-49A5-A322-037085F31D04}.Release|iPhone.Build.0 = Release|Any CPU
		{6A0AA07C-AC7C-49A5-A322-037085F31D04}.Release|iPhone.Deploy.0 = Release|Any CPU
		{6A0AA07C-AC7C-49A5-A322-037085F31D04}.Release|iPhoneSimulator.ActiveCfg = Release|Any CPU
		{6A0AA07C-AC7C-49A5-A322-037085F31D04}.Release|iPhoneSimulator.Build.0 = Release|Any CPU
		{6A0AA07C-AC7C-49A5-A322-037085F31D04}.Release|iPhoneSimulator.Deploy.0 = Release|Any CPU
		{6A0AA07C-AC7C-49A5-A322-037085F31D04}.Release|x64.ActiveCfg = Release|Any CPU
		{6A0AA07C-AC7C-49A5-A322-037085F31D04}.Release|x64.Build.0 = Release|Any CPU
		{6A0AA07C-AC7C-49A5-A322-037085F31D04}.Release|x64.Deploy.0 = Release|Any CPU
		{6A0AA07C-AC7C-49A5-A322-037085F31D04}.Release|x86.ActiveCfg = Release|x86
		{6A0AA07C-AC7C-49A5-A322-037085F31D04}.Release|x86.Build.0 = Release|x86
		{6A0AA07C-AC7C-49A5-A322-037085F31D04}.Release|x86.Deploy.0 = Release|x86
		{458C001E-5EF8-4E09-ACC1-0F60DA808A7E}.Ad-Hoc|Any CPU.ActiveCfg = Release|Any CPU
		{458C001E-5EF8-4E09-ACC1-0F60DA808A7E}.Ad-Hoc|Any CPU.Build.0 = Release|Any CPU
		{458C001E-5EF8-4E09-ACC1-0F60DA808A7E}.Ad-Hoc|Any CPU.Deploy.0 = Release|Any CPU
		{458C001E-5EF8-4E09-ACC1-0F60DA808A7E}.Ad-Hoc|ARM.ActiveCfg = Release|ARM
		{458C001E-5EF8-4E09-ACC1-0F60DA808A7E}.Ad-Hoc|ARM.Build.0 = Release|ARM
		{458C001E-5EF8-4E09-ACC1-0F60DA808A7E}.Ad-Hoc|ARM.Deploy.0 = Release|ARM
		{458C001E-5EF8-4E09-ACC1-0F60DA808A7E}.Ad-Hoc|iPhone.ActiveCfg = Release|Any CPU
		{458C001E-5EF8-4E09-ACC1-0F60DA808A7E}.Ad-Hoc|iPhone.Build.0 = Release|Any CPU
		{458C001E-5EF8-4E09-ACC1-0F60DA808A7E}.Ad-Hoc|iPhone.Deploy.0 = Release|Any CPU
		{458C001E-5EF8-4E09-ACC1-0F60DA808A7E}.Ad-Hoc|iPhoneSimulator.ActiveCfg = Release|Any CPU
		{458C001E-5EF8-4E09-ACC1-0F60DA808A7E}.Ad-Hoc|iPhoneSimulator.Build.0 = Release|Any CPU
		{458C001E-5EF8-4E09-ACC1-0F60DA808A7E}.Ad-Hoc|iPhoneSimulator.Deploy.0 = Release|Any CPU
		{458C001E-5EF8-4E09-ACC1-0F60DA808A7E}.Ad-Hoc|x64.ActiveCfg = Release|x64
		{458C001E-5EF8-4E09-ACC1-0F60DA808A7E}.Ad-Hoc|x64.Build.0 = Release|x64
		{458C001E-5EF8-4E09-ACC1-0F60DA808A7E}.Ad-Hoc|x64.Deploy.0 = Release|x64
		{458C001E-5EF8-4E09-ACC1-0F60DA808A7E}.Ad-Hoc|x86.ActiveCfg = Release|x86
		{458C001E-5EF8-4E09-ACC1-0F60DA808A7E}.Ad-Hoc|x86.Build.0 = Release|x86
		{458C001E-5EF8-4E09-ACC1-0F60DA808A7E}.Ad-Hoc|x86.Deploy.0 = Release|x86
		{458C001E-5EF8-4E09-ACC1-0F60DA808A7E}.AppStore|Any CPU.ActiveCfg = Release|Any CPU
		{458C001E-5EF8-4E09-ACC1-0F60DA808A7E}.AppStore|Any CPU.Build.0 = Release|Any CPU
		{458C001E-5EF8-4E09-ACC1-0F60DA808A7E}.AppStore|Any CPU.Deploy.0 = Release|Any CPU
		{458C001E-5EF8-4E09-ACC1-0F60DA808A7E}.AppStore|ARM.ActiveCfg = Release|ARM
		{458C001E-5EF8-4E09-ACC1-0F60DA808A7E}.AppStore|ARM.Build.0 = Release|ARM
		{458C001E-5EF8-4E09-ACC1-0F60DA808A7E}.AppStore|ARM.Deploy.0 = Release|ARM
		{458C001E-5EF8-4E09-ACC1-0F60DA808A7E}.AppStore|iPhone.ActiveCfg = Release|Any CPU
		{458C001E-5EF8-4E09-ACC1-0F60DA808A7E}.AppStore|iPhone.Build.0 = Release|Any CPU
		{458C001E-5EF8-4E09-ACC1-0F60DA808A7E}.AppStore|iPhone.Deploy.0 = Release|Any CPU
		{458C001E-5EF8-4E09-ACC1-0F60DA808A7E}.AppStore|iPhoneSimulator.ActiveCfg = Release|Any CPU
		{458C001E-5EF8-4E09-ACC1-0F60DA808A7E}.AppStore|iPhoneSimulator.Build.0 = Release|Any CPU
		{458C001E-5EF8-4E09-ACC1-0F60DA808A7E}.AppStore|iPhoneSimulator.Deploy.0 = Release|Any CPU
		{458C001E-5EF8-4E09-ACC1-0F60DA808A7E}.AppStore|x64.ActiveCfg = Release|x64
		{458C001E-5EF8-4E09-ACC1-0F60DA808A7E}.AppStore|x64.Build.0 = Release|x64
		{458C001E-5EF8-4E09-ACC1-0F60DA808A7E}.AppStore|x64.Deploy.0 = Release|x64
		{458C001E-5EF8-4E09-ACC1-0F60DA808A7E}.AppStore|x86.ActiveCfg = Release|x86
		{458C001E-5EF8-4E09-ACC1-0F60DA808A7E}.AppStore|x86.Build.0 = Release|x86
		{458C001E-5EF8-4E09-ACC1-0F60DA808A7E}.AppStore|x86.Deploy.0 = Release|x86
		{458C001E-5EF8-4E09-ACC1-0F60DA808A7E}.Debug|Any CPU.ActiveCfg = Debug|Any CPU
		{458C001E-5EF8-4E09-ACC1-0F60DA808A7E}.Debug|Any CPU.Build.0 = Debug|Any CPU
		{458C001E-5EF8-4E09-ACC1-0F60DA808A7E}.Debug|Any CPU.Deploy.0 = Debug|Any CPU
		{458C001E-5EF8-4E09-ACC1-0F60DA808A7E}.Debug|ARM.ActiveCfg = Debug|ARM
		{458C001E-5EF8-4E09-ACC1-0F60DA808A7E}.Debug|ARM.Build.0 = Debug|ARM
		{458C001E-5EF8-4E09-ACC1-0F60DA808A7E}.Debug|ARM.Deploy.0 = Debug|ARM
		{458C001E-5EF8-4E09-ACC1-0F60DA808A7E}.Debug|iPhone.ActiveCfg = Debug|Any CPU
		{458C001E-5EF8-4E09-ACC1-0F60DA808A7E}.Debug|iPhone.Build.0 = Debug|Any CPU
		{458C001E-5EF8-4E09-ACC1-0F60DA808A7E}.Debug|iPhone.Deploy.0 = Debug|Any CPU
		{458C001E-5EF8-4E09-ACC1-0F60DA808A7E}.Debug|iPhoneSimulator.ActiveCfg = Debug|Any CPU
		{458C001E-5EF8-4E09-ACC1-0F60DA808A7E}.Debug|iPhoneSimulator.Build.0 = Debug|Any CPU
		{458C001E-5EF8-4E09-ACC1-0F60DA808A7E}.Debug|iPhoneSimulator.Deploy.0 = Debug|Any CPU
		{458C001E-5EF8-4E09-ACC1-0F60DA808A7E}.Debug|x64.ActiveCfg = Debug|x64
		{458C001E-5EF8-4E09-ACC1-0F60DA808A7E}.Debug|x64.Build.0 = Debug|x64
		{458C001E-5EF8-4E09-ACC1-0F60DA808A7E}.Debug|x64.Deploy.0 = Debug|x64
		{458C001E-5EF8-4E09-ACC1-0F60DA808A7E}.Debug|x86.ActiveCfg = Debug|x86
		{458C001E-5EF8-4E09-ACC1-0F60DA808A7E}.Debug|x86.Build.0 = Debug|x86
		{458C001E-5EF8-4E09-ACC1-0F60DA808A7E}.Debug|x86.Deploy.0 = Debug|x86
		{458C001E-5EF8-4E09-ACC1-0F60DA808A7E}.Release|Any CPU.ActiveCfg = Release|Any CPU
		{458C001E-5EF8-4E09-ACC1-0F60DA808A7E}.Release|Any CPU.Build.0 = Release|Any CPU
		{458C001E-5EF8-4E09-ACC1-0F60DA808A7E}.Release|Any CPU.Deploy.0 = Release|Any CPU
		{458C001E-5EF8-4E09-ACC1-0F60DA808A7E}.Release|ARM.ActiveCfg = Release|ARM
		{458C001E-5EF8-4E09-ACC1-0F60DA808A7E}.Release|ARM.Build.0 = Release|ARM
		{458C001E-5EF8-4E09-ACC1-0F60DA808A7E}.Release|ARM.Deploy.0 = Release|ARM
		{458C001E-5EF8-4E09-ACC1-0F60DA808A7E}.Release|iPhone.ActiveCfg = Release|Any CPU
		{458C001E-5EF8-4E09-ACC1-0F60DA808A7E}.Release|iPhone.Build.0 = Release|Any CPU
		{458C001E-5EF8-4E09-ACC1-0F60DA808A7E}.Release|iPhone.Deploy.0 = Release|Any CPU
		{458C001E-5EF8-4E09-ACC1-0F60DA808A7E}.Release|iPhoneSimulator.ActiveCfg = Release|Any CPU
		{458C001E-5EF8-4E09-ACC1-0F60DA808A7E}.Release|iPhoneSimulator.Build.0 = Release|Any CPU
		{458C001E-5EF8-4E09-ACC1-0F60DA808A7E}.Release|iPhoneSimulator.Deploy.0 = Release|Any CPU
		{458C001E-5EF8-4E09-ACC1-0F60DA808A7E}.Release|x64.ActiveCfg = Release|x64
		{458C001E-5EF8-4E09-ACC1-0F60DA808A7E}.Release|x64.Build.0 = Release|x64
		{458C001E-5EF8-4E09-ACC1-0F60DA808A7E}.Release|x64.Deploy.0 = Release|x64
		{458C001E-5EF8-4E09-ACC1-0F60DA808A7E}.Release|x86.ActiveCfg = Release|x86
		{458C001E-5EF8-4E09-ACC1-0F60DA808A7E}.Release|x86.Build.0 = Release|x86
		{458C001E-5EF8-4E09-ACC1-0F60DA808A7E}.Release|x86.Deploy.0 = Release|x86
	EndGlobalSection
	GlobalSection(SolutionProperties) = preSolution
		HideSolutionNode = FALSE
	EndGlobalSection
EndGlobal
